
Microsoft Visual Studio Solution File, Format Version 12.00
Project("{FAE04EC0-301F-11D3-BF4B-00C04F79EFBC}") = "BusinessLayer", "BusinessLayer\BusinessLayer.csproj", "{B0BA151E-6E1E-4ABC-85F7-73BD86783D94}"
EndProject
Project("{FAE04EC0-301F-11D3-BF4B-00C04F79EFBC}") = "DataLayer", "DataLayer\DataLayer.csproj", "{3A122CA8-9369-42E9-9F8B-0BE0D366C357}"
EndProject
Project("{FAE04EC0-301F-11D3-BF4B-00C04F79EFBC}") = "PresentationLayer", "PresentationLayer\PresentationLayer.csproj", "{9DA42F7A-CB37-4041-9B90-AC24B3E86AC5}"
EndProject
Global
	GlobalSection(SolutionConfigurationPlatforms) = preSolution
		Debug|Any CPU = Debug|Any CPU
		Release|Any CPU = Release|Any CPU
	EndGlobalSection
	GlobalSection(ProjectConfigurationPlatforms) = postSolution
		{B0BA151E-6E1E-4ABC-85F7-73BD86783D94}.Debug|Any CPU.ActiveCfg = Debug|Any CPU
		{B0BA151E-6E1E-4ABC-85F7-73BD86783D94}.Debug|Any CPU.Build.0 = Debug|Any CPU
		{B0BA151E-6E1E-4ABC-85F7-73BD86783D94}.Release|Any CPU.ActiveCfg = Release|Any CPU
		{B0BA151E-6E1E-4ABC-85F7-73BD86783D94}.Release|Any CPU.Build.0 = Release|Any CPU
		{3A122CA8-9369-42E9-9F8B-0BE0D366C357}.Debug|Any CPU.ActiveCfg = Debug|Any CPU
		{3A122CA8-9369-42E9-9F8B-0BE0D366C357}.Debug|Any CPU.Build.0 = Debug|Any CPU
		{3A122CA8-9369-42E9-9F8B-0BE0D366C357}.Release|Any CPU.ActiveCfg = Release|Any CPU
		{3A122CA8-9369-42E9-9F8B-0BE0D366C357}.Release|Any CPU.Build.0 = Release|Any CPU
		{9DA42F7A-CB37-4041-9B90-AC24B3E86AC5}.Debug|Any CPU.ActiveCfg = Debug|Any CPU
		{9DA42F7A-CB37-4041-9B90-AC24B3E86AC5}.Debug|Any CPU.Build.0 = Debug|Any CPU
		{9DA42F7A-CB37-4041-9B90-AC24B3E86AC5}.Release|Any CPU.ActiveCfg = Release|Any CPU
		{9DA42F7A-CB37-4041-9B90-AC24B3E86AC5}.Release|Any CPU.Build.0 = Release|Any CPU
	EndGlobalSection
EndGlobal
